
Microsoft Visual Studio Solution File, Format Version 12.00
# Visual Studio 15
VisualStudioVersion = 15.0.28307.757
MinimumVisualStudioVersion = 10.0.40219.1
Project("{FAE04EC0-301F-11D3-BF4B-00C04F79EFBC}") = "owner.Android", "owner\owner.Android\owner.Android.csproj", "{701CA4E9-13E1-4406-8185-80ED000E5B51}"
EndProject
Project("{FAE04EC0-301F-11D3-BF4B-00C04F79EFBC}") = "owner.iOS", "owner\owner.iOS\owner.iOS.csproj", "{71DFB2AC-6320-4991-9004-D553BEA25EFF}"
EndProject
Project("{FAE04EC0-301F-11D3-BF4B-00C04F79EFBC}") = "owner", "owner\owner\owner.csproj", "{316860F3-AF59-4743-A5D6-54F62D693F08}"
EndProject
Global
	GlobalSection(SolutionConfigurationPlatforms) = preSolution
		Ad-Hoc|Any CPU = Ad-Hoc|Any CPU
		Ad-Hoc|iPhone = Ad-Hoc|iPhone
		Ad-Hoc|iPhoneSimulator = Ad-Hoc|iPhoneSimulator
		AppStore|Any CPU = AppStore|Any CPU
		AppStore|iPhone = AppStore|iPhone
		AppStore|iPhoneSimulator = AppStore|iPhoneSimulator
		Debug|Any CPU = Debug|Any CPU
		Debug|iPhone = Debug|iPhone
		Debug|iPhoneSimulator = Debug|iPhoneSimulator
		Release|Any CPU = Release|Any CPU
		Release|iPhone = Release|iPhone
		Release|iPhoneSimulator = Release|iPhoneSimulator
	EndGlobalSection
	GlobalSection(ProjectConfigurationPlatforms) = postSolution
		{701CA4E9-13E1-4406-8185-80ED000E5B51}.Ad-Hoc|Any CPU.ActiveCfg = Release|Any CPU
		{701CA4E9-13E1-4406-8185-80ED000E5B51}.Ad-Hoc|Any CPU.Build.0 = Release|Any CPU
		{701CA4E9-13E1-4406-8185-80ED000E5B51}.Ad-Hoc|Any CPU.Deploy.0 = Release|Any CPU
		{701CA4E9-13E1-4406-8185-80ED000E5B51}.Ad-Hoc|iPhone.ActiveCfg = Release|Any CPU
		{701CA4E9-13E1-4406-8185-80ED000E5B51}.Ad-Hoc|iPhone.Build.0 = Release|Any CPU
		{701CA4E9-13E1-4406-8185-80ED000E5B51}.Ad-Hoc|iPhone.Deploy.0 = Release|Any CPU
		{701CA4E9-13E1-4406-8185-80ED000E5B51}.Ad-Hoc|iPhoneSimulator.ActiveCfg = Release|Any CPU
		{701CA4E9-13E1-4406-8185-80ED000E5B51}.Ad-Hoc|iPhoneSimulator.Build.0 = Release|Any CPU
		{701CA4E9-13E1-4406-8185-80ED000E5B51}.Ad-Hoc|iPhoneSimulator.Deploy.0 = Release|Any CPU
		{701CA4E9-13E1-4406-8185-80ED000E5B51}.AppStore|Any CPU.ActiveCfg = Release|Any CPU
		{701CA4E9-13E1-4406-8185-80ED000E5B51}.AppStore|Any CPU.Build.0 = Release|Any CPU
		{701CA4E9-13E1-4406-8185-80ED000E5B51}.AppStore|Any CPU.Deploy.0 = Release|Any CPU
		{701CA4E9-13E1-4406-8185-80ED000E5B51}.AppStore|iPhone.ActiveCfg = Release|Any CPU
		{701CA4E9-13E1-4406-8185-80ED000E5B51}.AppStore|iPhone.Build.0 = Release|Any CPU
		{701CA4E9-13E1-4406-8185-80ED000E5B51}.AppStore|iPhone.Deploy.0 = Release|Any CPU
		{701CA4E9-13E1-4406-8185-80ED000E5B51}.AppStore|iPhoneSimulator.ActiveCfg = Release|Any CPU
		{701CA4E9-13E1-4406-8185-80ED000E5B51}.AppStore|iPhoneSimulator.Build.0 = Release|Any CPU
		{701CA4E9-13E1-4406-8185-80ED000E5B51}.AppStore|iPhoneSimulator.Deploy.0 = Release|Any CPU
		{701CA4E9-13E1-4406-8185-80ED000E5B51}.Debug|Any CPU.ActiveCfg = Debug|Any CPU
		{701CA4E9-13E1-4406-8185-80ED000E5B51}.Debug|Any CPU.Build.0 = Debug|Any CPU
		{701CA4E9-13E1-4406-8185-80ED000E5B51}.Debug|Any CPU.Deploy.0 = Debug|Any CPU
		{701CA4E9-13E1-4406-8185-80ED000E5B51}.Debug|iPhone.ActiveCfg = Debug|Any CPU
		{701CA4E9-13E1-4406-8185-80ED000E5B51}.Debug|iPhone.Build.0 = Debug|Any CPU
		{701CA4E9-13E1-4406-8185-80ED000E5B51}.Debug|iPhone.Deploy.0 = Debug|Any CPU
		{701CA4E9-13E1-4406-8185-80ED000E5B51}.Debug|iPhoneSimulator.ActiveCfg = Debug|Any CPU
		{701CA4E9-13E1-4406-8185-80ED000E5B51}.Debug|iPhoneSimulator.Build.0 = Debug|Any CPU
		{701CA4E9-13E1-4406-8185-80ED000E5B51}.Debug|iPhoneSimulator.Deploy.0 = Debug|Any CPU
		{701CA4E9-13E1-4406-8185-80ED000E5B51}.Release|Any CPU.ActiveCfg = Release|Any CPU
		{701CA4E9-13E1-4406-8185-80ED000E5B51}.Release|Any CPU.Build.0 = Release|Any CPU
		{701CA4E9-13E1-4406-8185-80ED000E5B51}.Release|Any CPU.Deploy.0 = Release|Any CPU
		{701CA4E9-13E1-4406-8185-80ED000E5B51}.Release|iPhone.ActiveCfg = Release|Any CPU
		{701CA4E9-13E1-4406-8185-80ED000E5B51}.Release|iPhone.Build.0 = Release|Any CPU
		{701CA4E9-13E1-4406-8185-80ED000E5B51}.Release|iPhone.Deploy.0 = Release|Any CPU
		{701CA4E9-13E1-4406-8185-80ED000E5B51}.Release|iPhoneSimulator.ActiveCfg = Release|Any CPU
		{701CA4E9-13E1-4406-8185-80ED000E5B51}.Release|iPhoneSimulator.Build.0 = Release|Any CPU
		{701CA4E9-13E1-4406-8185-80ED000E5B51}.Release|iPhoneSimulator.Deploy.0 = Release|Any CPU
		{71DFB2AC-6320-4991-9004-D553BEA25EFF}.Ad-Hoc|Any CPU.ActiveCfg = Ad-Hoc|iPhone
		{71DFB2AC-6320-4991-9004-D553BEA25EFF}.Ad-Hoc|Any CPU.Build.0 = Ad-Hoc|iPhone
		{71DFB2AC-6320-4991-9004-D553BEA25EFF}.Ad-Hoc|Any CPU.Deploy.0 = Ad-Hoc|iPhone
		{71DFB2AC-6320-4991-9004-D553BEA25EFF}.Ad-Hoc|iPhone.ActiveCfg = Ad-Hoc|iPhone
		{71DFB2AC-6320-4991-9004-D553BEA25EFF}.Ad-Hoc|iPhone.Build.0 = Ad-Hoc|iPhone
		{71DFB2AC-6320-4991-9004-D553BEA25EFF}.Ad-Hoc|iPhone.Deploy.0 = Ad-Hoc|iPhone
		{71DFB2AC-6320-4991-9004-D553BEA25EFF}.Ad-Hoc|iPhoneSimulator.ActiveCfg = Ad-Hoc|iPhoneSimulator
		{71DFB2AC-6320-4991-9004-D553BEA25EFF}.Ad-Hoc|iPhoneSimulator.Build.0 = Ad-Hoc|iPhoneSimulator
		{71DFB2AC-6320-4991-9004-D553BEA25EFF}.Ad-Hoc|iPhoneSimulator.Deploy.0 = Ad-Hoc|iPhoneSimulator
		{71DFB2AC-6320-4991-9004-D553BEA25EFF}.AppStore|Any CPU.ActiveCfg = AppStore|iPhone
		{71DFB2AC-6320-4991-9004-D553BEA25EFF}.AppStore|Any CPU.Build.0 = AppStore|iPhone
		{71DFB2AC-6320-4991-9004-D553BEA25EFF}.AppStore|Any CPU.Deploy.0 = AppStore|iPhone
		{71DFB2AC-6320-4991-9004-D553BEA25EFF}.AppStore|iPhone.ActiveCfg = AppStore|iPhone
		{71DFB2AC-6320-4991-9004-D553BEA25EFF}.AppStore|iPhone.Build.0 = AppStore|iPhone
		{71DFB2AC-6320-4991-9004-D553BEA25EFF}.AppStore|iPhone.Deploy.0 = AppStore|iPhone
		{71DFB2AC-6320-4991-9004-D553BEA25EFF}.AppStore|iPhoneSimulator.ActiveCfg = AppStore|iPhoneSimulator
		{71DFB2AC-6320-4991-9004-D553BEA25EFF}.AppStore|iPhoneSimulator.Build.0 = AppStore|iPhoneSimulator
		{71DFB2AC-6320-4991-9004-D553BEA25EFF}.AppStore|iPhoneSimulator.Deploy.0 = AppStore|iPhoneSimulator
		{71DFB2AC-6320-4991-9004-D553BEA25EFF}.Debug|Any CPU.ActiveCfg = Debug|iPhoneSimulator
		{71DFB2AC-6320-4991-9004-D553BEA25EFF}.Debug|Any CPU.Build.0 = Debug|iPhoneSimulator
		{71DFB2AC-6320-4991-9004-D553BEA25EFF}.Debug|Any CPU.Deploy.0 = Debug|iPhoneSimulator
		{71DFB2AC-6320-4991-9004-D553BEA25EFF}.Debug|iPhone.ActiveCfg = Debug|iPhone
		{71DFB2AC-6320-4991-9004-D553BEA25EFF}.Debug|iPhone.Build.0 = Debug|iPhone
		{71DFB2AC-6320-4991-9004-D553BEA25EFF}.Debug|iPhone.Deploy.0 = Debug|iPhone
		{71DFB2AC-6320-4991-9004-D553BEA25EFF}.Debug|iPhoneSimulator.ActiveCfg = Debug|iPhoneSimulator
		{71DFB2AC-6320-4991-9004-D553BEA25EFF}.Debug|iPhoneSimulator.Build.0 = Debug|iPhoneSimulator
		{71DFB2AC-6320-4991-9004-D553BEA25EFF}.Debug|iPhoneSimulator.Deploy.0 = Debug|iPhoneSimulator
		{71DFB2AC-6320-4991-9004-D553BEA25EFF}.Release|Any CPU.ActiveCfg = Release|iPhone
		{71DFB2AC-6320-4991-9004-D553BEA25EFF}.Release|Any CPU.Build.0 = Release|iPhone
		{71DFB2AC-6320-4991-9004-D553BEA25EFF}.Release|Any CPU.Deploy.0 = Release|iPhone
		{71DFB2AC-6320-4991-9004-D553BEA25EFF}.Release|iPhone.ActiveCfg = Release|iPhone
		{71DFB2AC-6320-4991-9004-D553BEA25EFF}.Release|iPhone.Build.0 = Release|iPhone
		{71DFB2AC-6320-4991-9004-D553BEA25EFF}.Release|iPhone.Deploy.0 = Release|iPhone
		{71DFB2AC-6320-4991-9004-D553BEA25EFF}.Release|iPhoneSimulator.ActiveCfg = Release|iPhoneSimulator
		{71DFB2AC-6320-4991-9004-D553BEA25EFF}.Release|iPhoneSimulator.Build.0 = Release|iPhoneSimulator
		{71DFB2AC-6320-4991-9004-D553BEA25EFF}.Release|iPhoneSimulator.Deploy.0 = Release|iPhoneSimulator
		{316860F3-AF59-4743-A5D6-54F62D693F08}.Ad-Hoc|Any CPU.ActiveCfg = Debug|Any CPU
		{316860F3-AF59-4743-A5D6-54F62D693F08}.Ad-Hoc|Any CPU.Build.0 = Debug|Any CPU
		{316860F3-AF59-4743-A5D6-54F62D693F08}.Ad-Hoc|Any CPU.Deploy.0 = Debug|Any CPU
		{316860F3-AF59-4743-A5D6-54F62D693F08}.Ad-Hoc|iPhone.ActiveCfg = Debug|Any CPU
		{316860F3-AF59-4743-A5D6-54F62D693F08}.Ad-Hoc|iPhone.Build.0 = Debug|Any CPU
		{316860F3-AF59-4743-A5D6-54F62D693F08}.Ad-Hoc|iPhone.Deploy.0 = Debug|Any CPU
		{316860F3-AF59-4743-A5D6-54F62D693F08}.Ad-Hoc|iPhoneSimulator.ActiveCfg = Debug|Any CPU
		{316860F3-AF59-4743-A5D6-54F62D693F08}.Ad-Hoc|iPhoneSimulator.Build.0 = Debug|Any CPU
		{316860F3-AF59-4743-A5D6-54F62D693F08}.Ad-Hoc|iPhoneSimulator.Deploy.0 = Debug|Any CPU
		{316860F3-AF59-4743-A5D6-54F62D693F08}.AppStore|Any CPU.ActiveCfg = Debug|Any CPU
		{316860F3-AF59-4743-A5D6-54F62D693F08}.AppStore|Any CPU.Build.0 = Debug|Any CPU
		{316860F3-AF59-4743-A5D6-54F62D693F08}.AppStore|Any CPU.Deploy.0 = Debug|Any CPU
		{316860F3-AF59-4743-A5D6-54F62D693F08}.AppStore|iPhone.ActiveCfg = Debug|Any CPU
		{316860F3-AF59-4743-A5D6-54F62D693F08}.AppStore|iPhone.Build.0 = Debug|Any CPU
		{316860F3-AF59-4743-A5D6-54F62D693F08}.AppStore|iPhone.Deploy.0 = Debug|Any CPU
		{316860F3-AF59-4743-A5D6-54F62D693F08}.AppStore|iPhoneSimulator.ActiveCfg = Debug|Any CPU
		{316860F3-AF59-4743-A5D6-54F62D693F08}.AppStore|iPhoneSimulator.Build.0 = Debug|Any CPU
		{316860F3-AF59-4743-A5D6-54F62D693F08}.AppStore|iPhoneSimulator.Deploy.0 = Debug|Any CPU
		{316860F3-AF59-4743-A5D6-54F62D693F08}.Debug|Any CPU.ActiveCfg = Debug|Any CPU
		{316860F3-AF59-4743-A5D6-54F62D693F08}.Debug|Any CPU.Build.0 = Debug|Any CPU
		{316860F3-AF59-4743-A5D6-54F62D693F08}.Debug|Any CPU.Deploy.0 = Debug|Any CPU
		{316860F3-AF59-4743-A5D6-54F62D693F08}.Debug|iPhone.ActiveCfg = Debug|Any CPU
		{316860F3-AF59-4743-A5D6-54F62D693F08}.Debug|iPhone.Build.0 = Debug|Any CPU
		{316860F3-AF59-4743-A5D6-54F62D693F08}.Debug|iPhone.Deploy.0 = Debug|Any CPU
		{316860F3-AF59-4743-A5D6-54F62D693F08}.Debug|iPhoneSimulator.ActiveCfg = Debug|Any CPU
		{316860F3-AF59-4743-A5D6-54F62D693F08}.Debug|iPhoneSimulator.Build.0 = Debug|Any CPU
		{316860F3-AF59-4743-A5D6-54F62D693F08}.Debug|iPhoneSimulator.Deploy.0 = Debug|Any CPU
		{316860F3-AF59-4743-A5D6-54F62D693F08}.Release|Any CPU.ActiveCfg = Release|Any CPU
		{316860F3-AF59-4743-A5D6-54F62D693F08}.Release|Any CPU.Build.0 = Release|Any CPU
		{316860F3-AF59-4743-A5D6-54F62D693F08}.Release|Any CPU.Deploy.0 = Release|Any CPU
		{316860F3-AF59-4743-A5D6-54F62D693F08}.Release|iPhone.ActiveCfg = Release|Any CPU
		{316860F3-AF59-4743-A5D6-54F62D693F08}.Release|iPhone.Build.0 = Release|Any CPU
		{316860F3-AF59-4743-A5D6-54F62D693F08}.Release|iPhone.Deploy.0 = Release|Any CPU
		{316860F3-AF59-4743-A5D6-54F62D693F08}.Release|iPhoneSimulator.ActiveCfg = Release|Any CPU
		{316860F3-AF59-4743-A5D6-54F62D693F08}.Release|iPhoneSimulator.Build.0 = Release|Any CPU
		{316860F3-AF59-4743-A5D6-54F62D693F08}.Release|iPhoneSimulator.Deploy.0 = Release|Any CPU
	EndGlobalSection
	GlobalSection(SolutionProperties) = preSolution
		HideSolutionNode = FALSE
	EndGlobalSection
	GlobalSection(ExtensibilityGlobals) = postSolution
		SolutionGuid = {350ACEAD-FB87-4F10-AF51-7B68DF074495}
	EndGlobalSection
EndGlobal
